
Microsoft Visual Studio Solution File, Format Version 12.00
# Visual Studio 15
VisualStudioVersion = 15.0.28307.489
MinimumVisualStudioVersion = 10.0.40219.1
Project("{FAE04EC0-301F-11D3-BF4B-00C04F79EFBC}") = "AGVMapEditor", "AGVMapEditor\AGVMapEditor.csproj", "{21EAD10E-7C29-42A8-B46D-41B0C2090BFD}"
EndProject
Global
	GlobalSection(SolutionConfigurationPlatforms) = preSolution
		Debug|Any CPU = Debug|Any CPU
		Release|Any CPU = Release|Any CPU
	EndGlobalSection
	GlobalSection(ProjectConfigurationPlatforms) = postSolution
		{21EAD10E-7C29-42A8-B46D-41B0C2090BFD}.Debug|Any CPU.ActiveCfg = Debug|Any CPU
		{21EAD10E-7C29-42A8-B46D-41B0C2090BFD}.Debug|Any CPU.Build.0 = Debug|Any CPU
		{21EAD10E-7C29-42A8-B46D-41B0C2090BFD}.Release|Any CPU.ActiveCfg = Release|Any CPU
		{21EAD10E-7C29-42A8-B46D-41B0C2090BFD}.Release|Any CPU.Build.0 = Release|Any CPU
	EndGlobalSection
	GlobalSection(SolutionProperties) = preSolution
		HideSolutionNode = FALSE
	EndGlobalSection
	GlobalSection(ExtensibilityGlobals) = postSolution
		SolutionGuid = {C89A0706-9C4F-49D7-9774-A95055D72FD3}
	EndGlobalSection
EndGlobal
